{
    "version": 3,
    "terraform_version": "0.11.13",
    "serial": 2,
    "lineage": "9bb00de1-dced-661e-9943-26f2c1f4580c",
    "modules": [
        {
            "path": [
                "root"
            ],
            "outputs": {},
            "resources": {
                "google_monitoring_alert_policy.alert_policy": {
                    "type": "google_monitoring_alert_policy",
                    "depends_on": [],
                    "primary": {
                        "id": "projects/cloud-project-243405/alertPolicies/2386567235718284298",
                        "attributes": {
                            "combiner": "OR",
                            "conditions.#": "1",
                            "conditions.0.condition_absent.#": "0",
                            "conditions.0.condition_threshold.#": "1",
                            "conditions.0.condition_threshold.0.aggregations.#": "1",
                            "conditions.0.condition_threshold.0.aggregations.0.alignment_period": "60s",
                            "conditions.0.condition_threshold.0.aggregations.0.cross_series_reducer": "",
                            "conditions.0.condition_threshold.0.aggregations.0.group_by_fields.#": "0",
                            "conditions.0.condition_threshold.0.aggregations.0.per_series_aligner": "ALIGN_RATE",
                            "conditions.0.condition_threshold.0.comparison": "COMPARISON_GT",
                            "conditions.0.condition_threshold.0.denominator_aggregations.#": "0",
                            "conditions.0.condition_threshold.0.denominator_filter": "",
                            "conditions.0.condition_threshold.0.duration": "60s",
                            "conditions.0.condition_threshold.0.filter": "metric.type=\"compute.googleapis.com/instance/disk/write_bytes_count\" AND resource.type=\"gce_instance\"",
                            "conditions.0.condition_threshold.0.threshold_value": "0",
                            "conditions.0.condition_threshold.0.trigger.#": "0",
                            "conditions.0.display_name": "test condition",
                            "conditions.0.name": "projects/cloud-project-243405/alertPolicies/2386567235718284298/conditions/2386567235718285613",
                            "creation_record.#": "1",
                            "creation_record.0.mutate_time": "2019-06-13T05:10:03.659174772Z",
                            "creation_record.0.mutated_by": "khuranaabhi@cloud-project-243405.iam.gserviceaccount.com",
                            "display_name": "My Alert Policy",
                            "documentation.#": "0",
                            "enabled": "true",
                            "id": "projects/cloud-project-243405/alertPolicies/2386567235718284298",
                            "name": "projects/cloud-project-243405/alertPolicies/2386567235718284298",
                            "notification_channels.#": "0",
                            "project": "cloud-project-243405",
                            "user_labels.%": "1",
                            "user_labels.foo": "bar"
                        },
                        "meta": {
                            "e2bfb730-ecaa-11e6-8f88-34363bc7c4c0": {
                                "create": 240000000000,
                                "delete": 240000000000,
                                "update": 240000000000
                            }
                        },
                        "tainted": false
                    },
                    "deposed": [],
                    "provider": "provider.google"
                }
            },
            "depends_on": []
        }
    ]
}
